// !$*UTF8*$!
{
	archiveVersion = 1;
	classes = {
	};
	objectVersion = 46;
	objects = {

/* Begin PBXBuildFile section */
		5D2338731AA6F546009322EC /* main.m in Sources */ = {isa = PBXBuildFile; fileRef = 5D2338721AA6F546009322EC /* main.m */; };
		5D2338761AA6F546009322EC /* AppDelegate.m in Sources */ = {isa = PBXBuildFile; fileRef = 5D2338751AA6F546009322EC /* AppDelegate.m */; };
		5D2338791AA6F546009322EC /* ViewController.m in Sources */ = {isa = PBXBuildFile; fileRef = 5D2338781AA6F546009322EC /* ViewController.m */; };
		5D23387C1AA6F546009322EC /* Main.storyboard in Resources */ = {isa = PBXBuildFile; fileRef = 5D23387A1AA6F546009322EC /* Main.storyboard */; };
		5D23387E1AA6F546009322EC /* Images.xcassets in Resources */ = {isa = PBXBuildFile; fileRef = 5D23387D1AA6F546009322EC /* Images.xcassets */; };
		5D2338811AA6F546009322EC /* LaunchScreen.xib in Resources */ = {isa = PBXBuildFile; fileRef = 5D23387F1AA6F546009322EC /* LaunchScreen.xib */; };
		5D23388D1AA6F547009322EC /* HCSCalendarViewTests.m in Sources */ = {isa = PBXBuildFile; fileRef = 5D23388C1AA6F547009322EC /* HCSCalendarViewTests.m */; };
		5D2338A31AA6F620009322EC /* HCSCalendarDayView.m in Sources */ = {isa = PBXBuildFile; fileRef = 5D2338981AA6F620009322EC /* HCSCalendarDayView.m */; };
		5D2338A41AA6F620009322EC /* HCSCalloutView.m in Sources */ = {isa = PBXBuildFile; fileRef = 5D23389A1AA6F620009322EC /* HCSCalloutView.m */; };
		5D2338A51AA6F620009322EC /* HCSDatesPanel.m in Sources */ = {isa = PBXBuildFile; fileRef = 5D23389C1AA6F620009322EC /* HCSDatesPanel.m */; };
		5D2338A61AA6F620009322EC /* HCSMonthSelectorView.m in Sources */ = {isa = PBXBuildFile; fileRef = 5D23389E1AA6F620009322EC /* HCSMonthSelectorView.m */; };
		5D2338A71AA6F620009322EC /* HCSNewCalendarView.m in Sources */ = {isa = PBXBuildFile; fileRef = 5D2338A01AA6F620009322EC /* HCSNewCalendarView.m */; };
		5D2338A81AA6F620009322EC /* HCSNewDateSelectorView.m in Sources */ = {isa = PBXBuildFile; fileRef = 5D2338A21AA6F620009322EC /* HCSNewDateSelectorView.m */; };
		5D9050561AADABFA002EFD59 /* DSLCalendarDayCalloutView.m in Sources */ = {isa = PBXBuildFile; fileRef = 5D9050461AADABFA002EFD59 /* DSLCalendarDayCalloutView.m */; };
		5D9050571AADABFA002EFD59 /* DSLCalendarDayCalloutView.xib in Resources */ = {isa = PBXBuildFile; fileRef = 5D9050471AADABFA002EFD59 /* DSLCalendarDayCalloutView.xib */; };
		5D9050581AADABFA002EFD59 /* DSLCalendarDayView.m in Sources */ = {isa = PBXBuildFile; fileRef = 5D9050491AADABFA002EFD59 /* DSLCalendarDayView.m */; };
		5D9050591AADABFA002EFD59 /* DSLCalendarMonthSelectorView.m in Sources */ = {isa = PBXBuildFile; fileRef = 5D90504B1AADABFA002EFD59 /* DSLCalendarMonthSelectorView.m */; };
		5D90505A1AADABFA002EFD59 /* DSLCalendarMonthSelectorView.xib in Resources */ = {isa = PBXBuildFile; fileRef = 5D90504C1AADABFA002EFD59 /* DSLCalendarMonthSelectorView.xib */; };
		5D90505B1AADABFA002EFD59 /* DSLCalendarMonthView.m in Sources */ = {isa = PBXBuildFile; fileRef = 5D90504E1AADABFA002EFD59 /* DSLCalendarMonthView.m */; };
		5D90505C1AADABFA002EFD59 /* DSLCalendarRange.m in Sources */ = {isa = PBXBuildFile; fileRef = 5D9050501AADABFA002EFD59 /* DSLCalendarRange.m */; };
		5D90505D1AADABFA002EFD59 /* DSLCalendarView.m in Sources */ = {isa = PBXBuildFile; fileRef = 5D9050521AADABFA002EFD59 /* DSLCalendarView.m */; };
		5D90505E1AADABFA002EFD59 /* Images in Resources */ = {isa = PBXBuildFile; fileRef = 5D9050531AADABFA002EFD59 /* Images */; };
		5D90505F1AADABFA002EFD59 /* NSDate+DSLCalendarView.m in Sources */ = {isa = PBXBuildFile; fileRef = 5D9050551AADABFA002EFD59 /* NSDate+DSLCalendarView.m */; };
/* End PBXBuildFile section */

/* Begin PBXContainerItemProxy section */
		5D2338871AA6F547009322EC /* PBXContainerItemProxy */ = {
			isa = PBXContainerItemProxy;
			containerPortal = 5D2338651AA6F546009322EC /* Project object */;
			proxyType = 1;
			remoteGlobalIDString = 5D23386C1AA6F546009322EC;
			remoteInfo = HCSCalendarView;
		};
/* End PBXContainerItemProxy section */

/* Begin PBXFileReference section */
		5D23386D1AA6F546009322EC /* HCSCalendarView.app */ = {isa = PBXFileReference; explicitFileType = wrapper.application; includeInIndex = 0; path = HCSCalendarView.app; sourceTree = BUILT_PRODUCTS_DIR; };
		5D2338711AA6F546009322EC /* Info.plist */ = {isa = PBXFileReference; lastKnownFileType = text.plist.xml; path = Info.plist; sourceTree = "<group>"; };
		5D2338721AA6F546009322EC /* main.m */ = {isa = PBXFileReference; lastKnownFileType = sourcecode.c.objc; path = main.m; sourceTree = "<group>"; };
		5D2338741AA6F546009322EC /* AppDelegate.h */ = {isa = PBXFileReference; lastKnownFileType = sourcecode.c.h; path = AppDelegate.h; sourceTree = "<group>"; };
		5D2338751AA6F546009322EC /* AppDelegate.m */ = {isa = PBXFileReference; lastKnownFileType = sourcecode.c.objc; path = AppDelegate.m; sourceTree = "<group>"; };
		5D2338771AA6F546009322EC /* ViewController.h */ = {isa = PBXFileReference; lastKnownFileType = sourcecode.c.h; path = ViewController.h; sourceTree = "<group>"; };
		5D2338781AA6F546009322EC /* ViewController.m */ = {isa = PBXFileReference; lastKnownFileType = sourcecode.c.objc; path = ViewController.m; sourceTree = "<group>"; };
		5D23387B1AA6F546009322EC /* Base */ = {isa = PBXFileReference; lastKnownFileType = file.storyboard; name = Base; path = Base.lproj/Main.storyboard; sourceTree = "<group>"; };
		5D23387D1AA6F546009322EC /* Images.xcassets */ = {isa = PBXFileReference; lastKnownFileType = folder.assetcatalog; path = Images.xcassets; sourceTree = "<group>"; };
		5D2338801AA6F546009322EC /* Base */ = {isa = PBXFileReference; lastKnownFileType = file.xib; name = Base; path = Base.lproj/LaunchScreen.xib; sourceTree = "<group>"; };
		5D2338861AA6F547009322EC /* HCSCalendarViewTests.xctest */ = {isa = PBXFileReference; explicitFileType = wrapper.cfbundle; includeInIndex = 0; path = HCSCalendarViewTests.xctest; sourceTree = BUILT_PRODUCTS_DIR; };
		5D23388B1AA6F547009322EC /* Info.plist */ = {isa = PBXFileReference; lastKnownFileType = text.plist.xml; path = Info.plist; sourceTree = "<group>"; };
		5D23388C1AA6F547009322EC /* HCSCalendarViewTests.m */ = {isa = PBXFileReference; lastKnownFileType = sourcecode.c.objc; path = HCSCalendarViewTests.m; sourceTree = "<group>"; };
		5D2338971AA6F620009322EC /* HCSCalendarDayView.h */ = {isa = PBXFileReference; fileEncoding = 4; lastKnownFileType = sourcecode.c.h; path = HCSCalendarDayView.h; sourceTree = "<group>"; };
		5D2338981AA6F620009322EC /* HCSCalendarDayView.m */ = {isa = PBXFileReference; fileEncoding = 4; lastKnownFileType = sourcecode.c.objc; path = HCSCalendarDayView.m; sourceTree = "<group>"; };
		5D2338991AA6F620009322EC /* HCSCalloutView.h */ = {isa = PBXFileReference; fileEncoding = 4; lastKnownFileType = sourcecode.c.h; path = HCSCalloutView.h; sourceTree = "<group>"; };
		5D23389A1AA6F620009322EC /* HCSCalloutView.m */ = {isa = PBXFileReference; fileEncoding = 4; lastKnownFileType = sourcecode.c.objc; path = HCSCalloutView.m; sourceTree = "<group>"; };
		5D23389B1AA6F620009322EC /* HCSDatesPanel.h */ = {isa = PBXFileReference; fileEncoding = 4; lastKnownFileType = sourcecode.c.h; path = HCSDatesPanel.h; sourceTree = "<group>"; };
		5D23389C1AA6F620009322EC /* HCSDatesPanel.m */ = {isa = PBXFileReference; fileEncoding = 4; lastKnownFileType = sourcecode.c.objc; path = HCSDatesPanel.m; sourceTree = "<group>"; };
		5D23389D1AA6F620009322EC /* HCSMonthSelectorView.h */ = {isa = PBXFileReference; fileEncoding = 4; lastKnownFileType = sourcecode.c.h; path = HCSMonthSelectorView.h; sourceTree = "<group>"; };
		5D23389E1AA6F620009322EC /* HCSMonthSelectorView.m */ = {isa = PBXFileReference; fileEncoding = 4; lastKnownFileType = sourcecode.c.objc; path = HCSMonthSelectorView.m; sourceTree = "<group>"; };
		5D23389F1AA6F620009322EC /* HCSNewCalendarView.h */ = {isa = PBXFileReference; fileEncoding = 4; lastKnownFileType = sourcecode.c.h; path = HCSNewCalendarView.h; sourceTree = "<group>"; };
		5D2338A01AA6F620009322EC /* HCSNewCalendarView.m */ = {isa = PBXFileReference; fileEncoding = 4; lastKnownFileType = sourcecode.c.objc; path = HCSNewCalendarView.m; sourceTree = "<group>"; };
		5D2338A11AA6F620009322EC /* HCSNewDateSelectorView.h */ = {isa = PBXFileReference; fileEncoding = 4; lastKnownFileType = sourcecode.c.h; path = HCSNewDateSelectorView.h; sourceTree = "<group>"; };
		5D2338A21AA6F620009322EC /* HCSNewDateSelectorView.m */ = {isa = PBXFileReference; fileEncoding = 4; lastKnownFileType = sourcecode.c.objc; path = HCSNewDateSelectorView.m; sourceTree = "<group>"; };
		5D9050451AADABFA002EFD59 /* DSLCalendarDayCalloutView.h */ = {isa = PBXFileReference; fileEncoding = 4; lastKnownFileType = sourcecode.c.h; name = DSLCalendarDayCalloutView.h; path = "DSL Calendar/DSLCalendarDayCalloutView.h"; sourceTree = "<group>"; };
		5D9050461AADABFA002EFD59 /* DSLCalendarDayCalloutView.m */ = {isa = PBXFileReference; fileEncoding = 4; lastKnownFileType = sourcecode.c.objc; name = DSLCalendarDayCalloutView.m; path = "DSL Calendar/DSLCalendarDayCalloutView.m"; sourceTree = "<group>"; };
		5D9050471AADABFA002EFD59 /* DSLCalendarDayCalloutView.xib */ = {isa = PBXFileReference; fileEncoding = 4; lastKnownFileType = file.xib; name = DSLCalendarDayCalloutView.xib; path = "DSL Calendar/DSLCalendarDayCalloutView.xib"; sourceTree = "<group>"; };
		5D9050481AADABFA002EFD59 /* DSLCalendarDayView.h */ = {isa = PBXFileReference; fileEncoding = 4; lastKnownFileType = sourcecode.c.h; name = DSLCalendarDayView.h; path = "DSL Calendar/DSLCalendarDayView.h"; sourceTree = "<group>"; };
		5D9050491AADABFA002EFD59 /* DSLCalendarDayView.m */ = {isa = PBXFileReference; fileEncoding = 4; lastKnownFileType = sourcecode.c.objc; name = DSLCalendarDayView.m; path = "DSL Calendar/DSLCalendarDayView.m"; sourceTree = "<group>"; };
		5D90504A1AADABFA002EFD59 /* DSLCalendarMonthSelectorView.h */ = {isa = PBXFileReference; fileEncoding = 4; lastKnownFileType = sourcecode.c.h; name = DSLCalendarMonthSelectorView.h; path = "DSL Calendar/DSLCalendarMonthSelectorView.h"; sourceTree = "<group>"; };
		5D90504B1AADABFA002EFD59 /* DSLCalendarMonthSelectorView.m */ = {isa = PBXFileReference; fileEncoding = 4; lastKnownFileType = sourcecode.c.objc; name = DSLCalendarMonthSelectorView.m; path = "DSL Calendar/DSLCalendarMonthSelectorView.m"; sourceTree = "<group>"; };
		5D90504C1AADABFA002EFD59 /* DSLCalendarMonthSelectorView.xib */ = {isa = PBXFileReference; fileEncoding = 4; lastKnownFileType = file.xib; name = DSLCalendarMonthSelectorView.xib; path = "DSL Calendar/DSLCalendarMonthSelectorView.xib"; sourceTree = "<group>"; };
		5D90504D1AADABFA002EFD59 /* DSLCalendarMonthView.h */ = {isa = PBXFileReference; fileEncoding = 4; lastKnownFileType = sourcecode.c.h; name = DSLCalendarMonthView.h; path = "DSL Calendar/DSLCalendarMonthView.h"; sourceTree = "<group>"; };
		5D90504E1AADABFA002EFD59 /* DSLCalendarMonthView.m */ = {isa = PBXFileReference; fileEncoding = 4; lastKnownFileType = sourcecode.c.objc; name = DSLCalendarMonthView.m; path = "DSL Calendar/DSLCalendarMonthView.m"; sourceTree = "<group>"; };
		5D90504F1AADABFA002EFD59 /* DSLCalendarRange.h */ = {isa = PBXFileReference; fileEncoding = 4; lastKnownFileType = sourcecode.c.h; name = DSLCalendarRange.h; path = "DSL Calendar/DSLCalendarRange.h"; sourceTree = "<group>"; };
		5D9050501AADABFA002EFD59 /* DSLCalendarRange.m */ = {isa = PBXFileReference; fileEncoding = 4; lastKnownFileType = sourcecode.c.objc; name = DSLCalendarRange.m; path = "DSL Calendar/DSLCalendarRange.m"; sourceTree = "<group>"; };
		5D9050511AADABFA002EFD59 /* DSLCalendarView.h */ = {isa = PBXFileReference; fileEncoding = 4; lastKnownFileType = sourcecode.c.h; name = DSLCalendarView.h; path = "DSL Calendar/DSLCalendarView.h"; sourceTree = "<group>"; };
		5D9050521AADABFA002EFD59 /* DSLCalendarView.m */ = {isa = PBXFileReference; fileEncoding = 4; lastKnownFileType = sourcecode.c.objc; name = DSLCalendarView.m; path = "DSL Calendar/DSLCalendarView.m"; sourceTree = "<group>"; };
		5D9050531AADABFA002EFD59 /* Images */ = {isa = PBXFileReference; lastKnownFileType = folder; name = Images; path = "DSL Calendar/Images"; sourceTree = "<group>"; };
		5D9050541AADABFA002EFD59 /* NSDate+DSLCalendarView.h */ = {isa = PBXFileReference; fileEncoding = 4; lastKnownFileType = sourcecode.c.h; name = "NSDate+DSLCalendarView.h"; path = "DSL Calendar/NSDate+DSLCalendarView.h"; sourceTree = "<group>"; };
		5D9050551AADABFA002EFD59 /* NSDate+DSLCalendarView.m */ = {isa = PBXFileReference; fileEncoding = 4; lastKnownFileType = sourcecode.c.objc; name = "NSDate+DSLCalendarView.m"; path = "DSL Calendar/NSDate+DSLCalendarView.m"; sourceTree = "<group>"; };
		5D9050601AADAC2F002EFD59 /* HCSCalenderView-Prefix.pch */ = {isa = PBXFileReference; lastKnownFileType = sourcecode.c.h; path = "HCSCalenderView-Prefix.pch"; sourceTree = "<group>"; };
/* End PBXFileReference section */

/* Begin PBXFrameworksBuildPhase section */
		5D23386A1AA6F546009322EC /* Frameworks */ = {
			isa = PBXFrameworksBuildPhase;
			buildActionMask = 2147483647;
			files = (
			);
			runOnlyForDeploymentPostprocessing = 0;
		};
		5D2338831AA6F547009322EC /* Frameworks */ = {
			isa = PBXFrameworksBuildPhase;
			buildActionMask = 2147483647;
			files = (
			);
			runOnlyForDeploymentPostprocessing = 0;
		};
/* End PBXFrameworksBuildPhase section */

/* Begin PBXGroup section */
		5D2338641AA6F546009322EC = {
			isa = PBXGroup;
			children = (
				5D2338961AA6F620009322EC /* Calendar */,
				5D23386F1AA6F546009322EC /* HCSCalendarView */,
				5D2338891AA6F547009322EC /* HCSCalendarViewTests */,
				5D23386E1AA6F546009322EC /* Products */,
			);
			sourceTree = "<group>";
		};
		5D23386E1AA6F546009322EC /* Products */ = {
			isa = PBXGroup;
			children = (
				5D23386D1AA6F546009322EC /* HCSCalendarView.app */,
				5D2338861AA6F547009322EC /* HCSCalendarViewTests.xctest */,
			);
			name = Products;
			sourceTree = "<group>";
		};
		5D23386F1AA6F546009322EC /* HCSCalendarView */ = {
			isa = PBXGroup;
			children = (
				5D2338741AA6F546009322EC /* AppDelegate.h */,
				5D2338751AA6F546009322EC /* AppDelegate.m */,
				5D2338771AA6F546009322EC /* ViewController.h */,
				5D2338781AA6F546009322EC /* ViewController.m */,
				5D23387A1AA6F546009322EC /* Main.storyboard */,
				5D23387D1AA6F546009322EC /* Images.xcassets */,
				5D23387F1AA6F546009322EC /* LaunchScreen.xib */,
				5D2338701AA6F546009322EC /* Supporting Files */,
			);
			path = HCSCalendarView;
			sourceTree = "<group>";
		};
		5D2338701AA6F546009322EC /* Supporting Files */ = {
			isa = PBXGroup;
			children = (
				5D2338711AA6F546009322EC /* Info.plist */,
				5D2338721AA6F546009322EC /* main.m */,
				5D9050601AADAC2F002EFD59 /* HCSCalenderView-Prefix.pch */,
			);
			name = "Supporting Files";
			sourceTree = "<group>";
		};
		5D2338891AA6F547009322EC /* HCSCalendarViewTests */ = {
			isa = PBXGroup;
			children = (
				5D23388C1AA6F547009322EC /* HCSCalendarViewTests.m */,
				5D23388A1AA6F547009322EC /* Supporting Files */,
			);
			path = HCSCalendarViewTests;
			sourceTree = "<group>";
		};
		5D23388A1AA6F547009322EC /* Supporting Files */ = {
			isa = PBXGroup;
			children = (
				5D23388B1AA6F547009322EC /* Info.plist */,
			);
			name = "Supporting Files";
			sourceTree = "<group>";
		};
		5D2338961AA6F620009322EC /* Calendar */ = {
			isa = PBXGroup;
			children = (
				5D9050441AADABEA002EFD59 /* DSL */,
				5D2338971AA6F620009322EC /* HCSCalendarDayView.h */,
				5D2338981AA6F620009322EC /* HCSCalendarDayView.m */,
				5D2338991AA6F620009322EC /* HCSCalloutView.h */,
				5D23389A1AA6F620009322EC /* HCSCalloutView.m */,
				5D23389B1AA6F620009322EC /* HCSDatesPanel.h */,
				5D23389C1AA6F620009322EC /* HCSDatesPanel.m */,
				5D23389D1AA6F620009322EC /* HCSMonthSelectorView.h */,
				5D23389E1AA6F620009322EC /* HCSMonthSelectorView.m */,
				5D23389F1AA6F620009322EC /* HCSNewCalendarView.h */,
				5D2338A01AA6F620009322EC /* HCSNewCalendarView.m */,
				5D2338A11AA6F620009322EC /* HCSNewDateSelectorView.h */,
				5D2338A21AA6F620009322EC /* HCSNewDateSelectorView.m */,
			);
			name = Calendar;
			path = HCSCalendarView/Calendar;
			sourceTree = "<group>";
		};
		5D9050441AADABEA002EFD59 /* DSL */ = {
			isa = PBXGroup;
			children = (
				5D9050451AADABFA002EFD59 /* DSLCalendarDayCalloutView.h */,
				5D9050461AADABFA002EFD59 /* DSLCalendarDayCalloutView.m */,
				5D9050471AADABFA002EFD59 /* DSLCalendarDayCalloutView.xib */,
				5D9050481AADABFA002EFD59 /* DSLCalendarDayView.h */,
				5D9050491AADABFA002EFD59 /* DSLCalendarDayView.m */,
				5D90504A1AADABFA002EFD59 /* DSLCalendarMonthSelectorView.h */,
				5D90504B1AADABFA002EFD59 /* DSLCalendarMonthSelectorView.m */,
				5D90504C1AADABFA002EFD59 /* DSLCalendarMonthSelectorView.xib */,
				5D90504D1AADABFA002EFD59 /* DSLCalendarMonthView.h */,
				5D90504E1AADABFA002EFD59 /* DSLCalendarMonthView.m */,
				5D90504F1AADABFA002EFD59 /* DSLCalendarRange.h */,
				5D9050501AADABFA002EFD59 /* DSLCalendarRange.m */,
				5D9050511AADABFA002EFD59 /* DSLCalendarView.h */,
				5D9050521AADABFA002EFD59 /* DSLCalendarView.m */,
				5D9050531AADABFA002EFD59 /* Images */,
				5D9050541AADABFA002EFD59 /* NSDate+DSLCalendarView.h */,
				5D9050551AADABFA002EFD59 /* NSDate+DSLCalendarView.m */,
			);
			name = DSL;
			path = ..;
			sourceTree = "<group>";
		};
/* End PBXGroup section */

/* Begin PBXNativeTarget section */
		5D23386C1AA6F546009322EC /* HCSCalendarView */ = {
			isa = PBXNativeTarget;
			buildConfigurationList = 5D2338901AA6F547009322EC /* Build configuration list for PBXNativeTarget "HCSCalendarView" */;
			buildPhases = (
				5D2338691AA6F546009322EC /* Sources */,
				5D23386A1AA6F546009322EC /* Frameworks */,
				5D23386B1AA6F546009322EC /* Resources */,
			);
			buildRules = (
			);
			dependencies = (
			);
			name = HCSCalendarView;
			productName = HCSCalendarView;
			productReference = 5D23386D1AA6F546009322EC /* HCSCalendarView.app */;
			productType = "com.apple.product-type.application";
		};
		5D2338851AA6F547009322EC /* HCSCalendarViewTests */ = {
			isa = PBXNativeTarget;
			buildConfigurationList = 5D2338931AA6F547009322EC /* Build configuration list for PBXNativeTarget "HCSCalendarViewTests" */;
			buildPhases = (
				5D2338821AA6F547009322EC /* Sources */,
				5D2338831AA6F547009322EC /* Frameworks */,
				5D2338841AA6F547009322EC /* Resources */,
			);
			buildRules = (
			);
			dependencies = (
				5D2338881AA6F547009322EC /* PBXTargetDependency */,
			);
			name = HCSCalendarViewTests;
			productName = HCSCalendarViewTests;
			productReference = 5D2338861AA6F547009322EC /* HCSCalendarViewTests.xctest */;
			productType = "com.apple.product-type.bundle.unit-test";
		};
/* End PBXNativeTarget section */

/* Begin PBXProject section */
		5D2338651AA6F546009322EC /* Project object */ = {
			isa = PBXProject;
			attributes = {
				LastUpgradeCheck = 0610;
				ORGANIZATIONNAME = "Hot Cocoa Software";
				TargetAttributes = {
					5D23386C1AA6F546009322EC = {
						CreatedOnToolsVersion = 6.1.1;
					};
					5D2338851AA6F547009322EC = {
						CreatedOnToolsVersion = 6.1.1;
						TestTargetID = 5D23386C1AA6F546009322EC;
					};
				};
			};
			buildConfigurationList = 5D2338681AA6F546009322EC /* Build configuration list for PBXProject "HCSCalendarView" */;
			compatibilityVersion = "Xcode 3.2";
			developmentRegion = English;
			hasScannedForEncodings = 0;
			knownRegions = (
				en,
				Base,
			);
			mainGroup = 5D2338641AA6F546009322EC;
			productRefGroup = 5D23386E1AA6F546009322EC /* Products */;
			projectDirPath = "";
			projectRoot = "";
			targets = (
				5D23386C1AA6F546009322EC /* HCSCalendarView */,
				5D2338851AA6F547009322EC /* HCSCalendarViewTests */,
			);
		};
/* End PBXProject section */

/* Begin PBXResourcesBuildPhase section */
		5D23386B1AA6F546009322EC /* Resources */ = {
			isa = PBXResourcesBuildPhase;
			buildActionMask = 2147483647;
			files = (
				5D90505A1AADABFA002EFD59 /* DSLCalendarMonthSelectorView.xib in Resources */,
				5D9050571AADABFA002EFD59 /* DSLCalendarDayCalloutView.xib in Resources */,
				5D23387C1AA6F546009322EC /* Main.storyboard in Resources */,
				5D2338811AA6F546009322EC /* LaunchScreen.xib in Resources */,
				5D90505E1AADABFA002EFD59 /* Images in Resources */,
				5D23387E1AA6F546009322EC /* Images.xcassets in Resources */,
			);
			runOnlyForDeploymentPostprocessing = 0;
		};
		5D2338841AA6F547009322EC /* Resources */ = {
			isa = PBXResourcesBuildPhase;
			buildActionMask = 2147483647;
			files = (
			);
			runOnlyForDeploymentPostprocessing = 0;
		};
/* End PBXResourcesBuildPhase section */

/* Begin PBXSourcesBuildPhase section */
		5D2338691AA6F546009322EC /* Sources */ = {
			isa = PBXSourcesBuildPhase;
			buildActionMask = 2147483647;
			files = (
				5D9050591AADABFA002EFD59 /* DSLCalendarMonthSelectorView.m in Sources */,
				5D9050561AADABFA002EFD59 /* DSLCalendarDayCalloutView.m in Sources */,
				5D2338A71AA6F620009322EC /* HCSNewCalendarView.m in Sources */,
				5D2338A81AA6F620009322EC /* HCSNewDateSelectorView.m in Sources */,
				5D2338A61AA6F620009322EC /* HCSMonthSelectorView.m in Sources */,
				5D90505F1AADABFA002EFD59 /* NSDate+DSLCalendarView.m in Sources */,
				5D2338A31AA6F620009322EC /* HCSCalendarDayView.m in Sources */,
				5D90505D1AADABFA002EFD59 /* DSLCalendarView.m in Sources */,
				5D9050581AADABFA002EFD59 /* DSLCalendarDayView.m in Sources */,
				5D2338A51AA6F620009322EC /* HCSDatesPanel.m in Sources */,
				5D90505B1AADABFA002EFD59 /* DSLCalendarMonthView.m in Sources */,
				5D90505C1AADABFA002EFD59 /* DSLCalendarRange.m in Sources */,
				5D2338791AA6F546009322EC /* ViewController.m in Sources */,
				5D2338761AA6F546009322EC /* AppDelegate.m in Sources */,
				5D2338731AA6F546009322EC /* main.m in Sources */,
				5D2338A41AA6F620009322EC /* HCSCalloutView.m in Sources */,
			);
			runOnlyForDeploymentPostprocessing = 0;
		};
		5D2338821AA6F547009322EC /* Sources */ = {
			isa = PBXSourcesBuildPhase;
			buildActionMask = 2147483647;
			files = (
				5D23388D1AA6F547009322EC /* HCSCalendarViewTests.m in Sources */,
			);
			runOnlyForDeploymentPostprocessing = 0;
		};
/* End PBXSourcesBuildPhase section */

/* Begin PBXTargetDependency section */
		5D2338881AA6F547009322EC /* PBXTargetDependency */ = {
			isa = PBXTargetDependency;
			target = 5D23386C1AA6F546009322EC /* HCSCalendarView */;
			targetProxy = 5D2338871AA6F547009322EC /* PBXContainerItemProxy */;
		};
/* End PBXTargetDependency section */

/* Begin PBXVariantGroup section */
		5D23387A1AA6F546009322EC /* Main.storyboard */ = {
			isa = PBXVariantGroup;
			children = (
				5D23387B1AA6F546009322EC /* Base */,
			);
			name = Main.storyboard;
			sourceTree = "<group>";
		};
		5D23387F1AA6F546009322EC /* LaunchScreen.xib */ = {
			isa = PBXVariantGroup;
			children = (
				5D2338801AA6F546009322EC /* Base */,
			);
			name = LaunchScreen.xib;
			sourceTree = "<group>";
		};
/* End PBXVariantGroup section */

/* Begin XCBuildConfiguration section */
		5D23388E1AA6F547009322EC /* Debug */ = {
			isa = XCBuildConfiguration;
			buildSettings = {
				ALWAYS_SEARCH_USER_PATHS = NO;
				CLANG_CXX_LANGUAGE_STANDARD = "gnu++0x";
				CLANG_CXX_LIBRARY = "libc++";
				CLANG_ENABLE_MODULES = YES;
				CLANG_ENABLE_OBJC_ARC = YES;
				CLANG_WARN_BOOL_CONVERSION = YES;
				CLANG_WARN_CONSTANT_CONVERSION = YES;
				CLANG_WARN_DIRECT_OBJC_ISA_USAGE = YES_ERROR;
				CLANG_WARN_EMPTY_BODY = YES;
				CLANG_WARN_ENUM_CONVERSION = YES;
				CLANG_WARN_INT_CONVERSION = YES;
				CLANG_WARN_OBJC_ROOT_CLASS = YES_ERROR;
				CLANG_WARN_UNREACHABLE_CODE = YES;
				CLANG_WARN__DUPLICATE_METHOD_MATCH = YES;
				"CODE_SIGN_IDENTITY[sdk=iphoneos*]" = "iPhone Developer";
				COPY_PHASE_STRIP = NO;
				ENABLE_STRICT_OBJC_MSGSEND = YES;
				GCC_C_LANGUAGE_STANDARD = gnu99;
				GCC_DYNAMIC_NO_PIC = NO;
				GCC_OPTIMIZATION_LEVEL = 0;
				GCC_PREPROCESSOR_DEFINITIONS = (
					"DEBUG=1",
					"$(inherited)",
				);
				GCC_SYMBOLS_PRIVATE_EXTERN = NO;
				GCC_WARN_64_TO_32_BIT_CONVERSION = YES;
				GCC_WARN_ABOUT_RETURN_TYPE = YES_ERROR;
				GCC_WARN_UNDECLARED_SELECTOR = YES;
				GCC_WARN_UNINITIALIZED_AUTOS = YES_AGGRESSIVE;
				GCC_WARN_UNUSED_FUNCTION = YES;
				GCC_WARN_UNUSED_VARIABLE = YES;
				IPHONEOS_DEPLOYMENT_TARGET = 8.1;
				MTL_ENABLE_DEBUG_INFO = YES;
				ONLY_ACTIVE_ARCH = YES;
				SDKROOT = iphoneos;
			};
			name = Debug;
		};
		5D23388F1AA6F547009322EC /* Release */ = {
			isa = XCBuildConfiguration;
			buildSettings = {
				ALWAYS_SEARCH_USER_PATHS = NO;
				CLANG_CXX_LANGUAGE_STANDARD = "gnu++0x";
				CLANG_CXX_LIBRARY = "libc++";
				CLANG_ENABLE_MODULES = YES;
				CLANG_ENABLE_OBJC_ARC = YES;
				CLANG_WARN_BOOL_CONVERSION = YES;
				CLANG_WARN_CONSTANT_CONVERSION = YES;
				CLANG_WARN_DIRECT_OBJC_ISA_USAGE = YES_ERROR;
				CLANG_WARN_EMPTY_BODY = YES;
				CLANG_WARN_ENUM_CONVERSION = YES;
				CLANG_WARN_INT_CONVERSION = YES;
				CLANG_WARN_OBJC_ROOT_CLASS = YES_ERROR;
				CLANG_WARN_UNREACHABLE_CODE = YES;
				CLANG_WARN__DUPLICATE_METHOD_MATCH = YES;
				"CODE_SIGN_IDENTITY[sdk=iphoneos*]" = "iPhone Developer";
				COPY_PHASE_STRIP = YES;
				ENABLE_NS_ASSERTIONS = NO;
				ENABLE_STRICT_OBJC_MSGSEND = YES;
				GCC_C_LANGUAGE_STANDARD = gnu99;
				GCC_WARN_64_TO_32_BIT_CONVERSION = YES;
				GCC_WARN_ABOUT_RETURN_TYPE = YES_ERROR;
				GCC_WARN_UNDECLARED_SELECTOR = YES;
				GCC_WARN_UNINITIALIZED_AUTOS = YES_AGGRESSIVE;
				GCC_WARN_UNUSED_FUNCTION = YES;
				GCC_WARN_UNUSED_VARIABLE = YES;
				IPHONEOS_DEPLOYMENT_TARGET = 8.1;
				MTL_ENABLE_DEBUG_INFO = NO;
				SDKROOT = iphoneos;
				VALIDATE_PRODUCT = YES;
			};
			name = Release;
		};
		5D2338911AA6F547009322EC /* Debug */ = {
			isa = XCBuildConfiguration;
			buildSettings = {
				ASSETCATALOG_COMPILER_APPICON_NAME = AppIcon;
				GCC_PRECOMPILE_PREFIX_HEADER = YES;
				GCC_PREFIX_HEADER = "$(PROJECT_DIR)/HCSCalendarView/HCSCalenderView-Prefix.pch";
				INFOPLIST_FILE = HCSCalendarView/Info.plist;
				LD_RUNPATH_SEARCH_PATHS = "$(inherited) @executable_path/Frameworks";
				PRODUCT_NAME = "$(TARGET_NAME)";
			};
			name = Debug;
		};
		5D2338921AA6F547009322EC /* Release */ = {
			isa = XCBuildConfiguration;
			buildSettings = {
				ASSETCATALOG_COMPILER_APPICON_NAME = AppIcon;
				GCC_PRECOMPILE_PREFIX_HEADER = YES;
				GCC_PREFIX_HEADER = "$(PROJECT_DIR)/HCSCalendarView/HCSCalenderView-Prefix.pch";
				INFOPLIST_FILE = HCSCalendarView/Info.plist;
				LD_RUNPATH_SEARCH_PATHS = "$(inherited) @executable_path/Frameworks";
				PRODUCT_NAME = "$(TARGET_NAME)";
			};
			name = Release;
		};
		5D2338941AA6F547009322EC /* Debug */ = {
			isa = XCBuildConfiguration;
			buildSettings = {
				BUNDLE_LOADER = "$(TEST_HOST)";
				FRAMEWORK_SEARCH_PATHS = (
					"$(SDKROOT)/Developer/Library/Frameworks",
					"$(inherited)",
				);
				GCC_PREPROCESSOR_DEFINITIONS = (
					"DEBUG=1",
					"$(inherited)",
				);
				INFOPLIST_FILE = HCSCalendarViewTests/Info.plist;
				LD_RUNPATH_SEARCH_PATHS = "$(inherited) @executable_path/Frameworks @loader_path/Frameworks";
				PRODUCT_NAME = "$(TARGET_NAME)";
				TEST_HOST = "$(BUILT_PRODUCTS_DIR)/HCSCalendarView.app/HCSCalendarView";
			};
			name = Debug;
		};
		5D2338951AA6F547009322EC /* Release */ = {
			isa = XCBuildConfiguration;
			buildSettings = {
				BUNDLE_LOADER = "$(TEST_HOST)";
				FRAMEWORK_SEARCH_PATHS = (
					"$(SDKROOT)/Developer/Library/Frameworks",
					"$(inherited)",
				);
				INFOPLIST_FILE = HCSCalendarViewTests/Info.plist;
				LD_RUNPATH_SEARCH_PATHS = "$(inherited) @executable_path/Frameworks @loader_path/Frameworks";
				PRODUCT_NAME = "$(TARGET_NAME)";
				TEST_HOST = "$(BUILT_PRODUCTS_DIR)/HCSCalendarView.app/HCSCalendarView";
			};
			name = Release;
		};
/* End XCBuildConfiguration section */

/* Begin XCConfigurationList section */
		5D2338681AA6F546009322EC /* Build configuration list for PBXProject "HCSCalendarView" */ = {
			isa = XCConfigurationList;
			buildConfigurations = (
				5D23388E1AA6F547009322EC /* Debug */,
				5D23388F1AA6F547009322EC /* Release */,
			);
			defaultConfigurationIsVisible = 0;
			defaultConfigurationName = Release;
		};
		5D2338901AA6F547009322EC /* Build configuration list for PBXNativeTarget "HCSCalendarView" */ = {
			isa = XCConfigurationList;
			buildConfigurations = (
				5D2338911AA6F547009322EC /* Debug */,
				5D2338921AA6F547009322EC /* Release */,
			);
			defaultConfigurationIsVisible = 0;
			defaultConfigurationName = Release;
		};
		5D2338931AA6F547009322EC /* Build configuration list for PBXNativeTarget "HCSCalendarViewTests" */ = {
			isa = XCConfigurationList;
			buildConfigurations = (
				5D2338941AA6F547009322EC /* Debug */,
				5D2338951AA6F547009322EC /* Release */,
			);
			defaultConfigurationIsVisible = 0;
			defaultConfigurationName = Release;
		};
/* End XCConfigurationList section */
	};
	rootObject = 5D2338651AA6F546009322EC /* Project object */;
}
